{
  "version": 4,
  "terraform_version": "1.3.6",
  "serial": 107,
  "lineage": "9a6b057c-4fe3-305b-6901-a67025c5e4a3",
  "outputs": {
    "public_ip_address": {
      "value": "52.255.138.136",
      "type": "string"
    },
    "resource_group_name": {
      "value": "rg-united-bird",
      "type": "string"
    },
    "tls_private_key": {
      "value": "-----BEGIN RSA PRIVATE KEY-----\nMIIJKgIBAAKCAgEAu0545B0r6ebbaNXfxECXewq9bTTgPlj3hkVrlNrxPUu0TH54\n48DPVV9UZIVNp39lcvFPimK+gOAwLjGb3S59LFA5pGO/aWUDyiDVjy216KbrwzIA\nXUZNcwMX9ZG6OJWabeVZWyCDYYM/UUuYgKWNIMcvnSnj1rSmuv+JTu2KCrmvYzox\novKWWZ2gL0QZ1XHp0YjycA6/lmFquFRplFK98h5je/VmtaYjGtiNHLD+ML3cGvFc\nuzy7ZOjauI0wMBW04qsjqQV5Ccj1IffsOBoLX8X21PqkCStivefC/XAgmNbekzBU\noKClUGeGdEO5SworjPmlBhhLCU3UZcVb1aj18M7zh4N4iW5b+tqTxJYmWE/uN57D\n34ScAWbpTmCZnRUTpkmtnYBejqEK68WV4jB2SehTO9wgx+wI1DQzFSfANWmtyIcw\nfjP5o7++JCvmsoyxhRd3cNhCUl6Rp8xMICN5Hi2nxTOm5R3DLWiu28vecjxuFl9j\nZ1T8ZlkvSOaBcP18u3uXWH9gpwmDyVUR6PpQgqQSnWwiOmbC496i4fhWGgxiU63C\nruf7ZzG6l+bmhGP7JKdF2OxATvumdsnBQjPo3KJIcFZmuzDhu7pKtoP52q7ihAuL\nMtMGcN+HWi327Tb8m8B6Ba78d49bTlYNMzebHXdXafFQBrGm5K0y6BfHa5UCAwEA\nAQKCAgBJ7bgjeSwa/wZ8w2W1pTTk2KFZmDQmB6Fy+rVypFPxOI8qXgTDCBgNfznl\nDwROZycYjgwx97VvUo1RvjzhuPao5eVKcCBdrgQn5HvGLmmNMUz+1x5zskrhaUgs\nod8ZdFrmo054fEW+2DnGkYrYw/8G//dYFe+aj+T7C98bKwCAKTgDdzWeNheHuYI/\nBacYqwR5so7WEcwmw76GkLK3W00jYkEr7PkkGzXh47UWrPk3LcjRTZCnSlpAgvPJ\nQdjSMc8aZCgID2Ptq8atKJiwr/7rR0ycVW0nPVuUzwQUWgxTpwNknv/YAnAdYy8b\ndpuM9a+ozeQHmtELFBAQNyx/EVg4jMxO5+Zyvvvzyx0RL7KsYxaPg2Fo2VNT1xIf\n2fp5q6xpuqLk21Zwp/14Ej2i3hpHCs1qVDwp0cPNJrY11ZjewPXp766wfGfm6xgz\n0aHUozl2XYertQ/ORO1VDRpSqInQNR14odNTg5JEVD/5wQdM3fU1ASTM4zFd2os1\nMkWkm2y0mP0PF31dNg5QuDLqYAVfDcbOsWjHZ8wOlUAv/RZCb1kdKZyvLnvUjK1E\n1w3W6MrVAwhux8icUsX/L9U7OrTcsSV6TTDNAdzHBQfIfaPF0L2Kjc+wxUTPEVXc\nVwONj92/OZfdhjuMGmct+BT1VCSnCW6mSUoV9Hz0veM2zzHOAQKCAQEAw3L/wy1Q\nMV94Q5Tp/QWe5YKbD79y0THQqrXj6k4jhlFKa92WvaET+AaVFeRNh1ZmG/qWjb8c\nx+ndBudX38IER0SQCLONC+ur7Au6S60ad6fXpG0izH4FQiyoCnAPeVLPfZYzk/Sy\nQac6LBPii29ypX4jujZgZQkkEIhdvGMDAaSJuW6fNA71Iaine3P8JTbbNfahD8zA\nfQ6YaBqbwSwjpCWw5H77oaSVBgObEtnQsgSrTLdPP2RQh6ajcwTXAmEjEw9M7OjV\nUU+rDZVmIORtjBWOeZjoph1YMRIJGC4Q0n33srn6OxUxaDl4Mep9YzN3Gie64quc\nN+4v02wGWqw5FQKCAQEA9VWuHnA7LHi8mB2AUnJIZZdb+Q1ZZ50Wfq7Mvvk55myP\nR5znl+x6oFOKvIDEypB5YyOT8NeZFw+bR78SMAae2g8Xe4DAKBSV97XKC2XwWdvo\ns5Oo8M2KoccBz725U7JUW/0f5aCMom7Tpqf/bV/T4gN286jGr/6mT7pE9pFw+NAg\n1oUor9sibYvfAxP/d/viPsY+zjYijF+BW5r/IlQoQFFVu4oE2i1X3wlNzPJoE9gx\nG8wCL6lFm29QKygGmmzcbP0SAcXEMqqC57mGXqrItKz1xkImqALGdSWP0nAmftjF\nGH9Hb6gwSpbr7mgcwVV/VIyqto6mhgEZX7NWsd4IgQKCAQEAsLMdS+WBpMF9Rwww\nZ1JXj4N+kMQzF7IDxvJetYwjTeHceJyDFbm1Bf1dd8dJ2FtiQVVSG6B2cr6Z1w38\nQg10NMJlvZgmompUqjkIGjbLwPX7XWpVla8xLdyVp6ocM0GM2SucQd1t8zEuxH7N\nx+XgLoJV5poWmAGlm1TN+e1B4JBS+1RplnUXZXDGyjPX+AUaNjVc853XQLibTTMR\nMZmoN1TkEhBDiqXzHNbRsj8+EFNsUxU/Dj6xF5KuHuR3Rm1vemHQ2Da/9J0kNkml\nZYNfDtDGWGTHoLbS7roxgqzTBJpiADFna1cDrgiXA/nNlowG15yntxoTR/WNQ4Vc\nUUl26QKCAQEA7W2zKfARxHNAibKbWq8RU4hNUVVS/gywFYAT1IqcN10+uN6n34bU\nEk9niBDS4vs5DvICneX5WbEX5TKMZoAxwfUzE6pBzUhG7sk3NRq9pilGJmyz5f/1\nt6VCIouJTO/b5n6tHOzozdaV7MbPU0mXZDdYKm1fhDndOHGbhkixXYsHDLUn8DES\nO5RPCsqSxcq2ZWw0ohsQCmvvY/k4C0AJCF3uq6XiFkglr0twyPScNwBWXoFsaDXY\nkJoEqw98fHz4Ql4UzDRaMXKFZ79LxFhiD0EIRowEnzq4V+03KECzcLVW4eNj/jJ2\nMemngT2u/ohAx1GvcSfTDwMHTG/iahbogQKCAQEAsJtLEk/OLoWKyu0YmWkOeySE\njYqgpX9bShM4Gn7E6dTRU+Agv7F6bVtv3etKTFIaYAvqH6qbKXfQs+/aS3sme3GM\nbLOLQ6GYMV92QOGVdQDbDx1aXhZD5GcQ0wcv8YtswnBzPQKfeXj35ZUCnK/ziHYS\nq6HiG4LHK4uNJ05qP3kw4Q4xzyw0xXs9uFE9g6zwWpnjt2JXaCzDB0RgAF3ZgIzq\nhIt5wJn8nPSOiwcRp4a/S/CPAKlTsKrIgHgOPY269aD5tkMfNKnUstlqs5nOjTrF\nhbV6vUelyAUDCFAyFycCyjaW+2Jyteb/xoCLENrSiotf4SiZoYumf6Feu+lHkw==\n-----END RSA PRIVATE KEY-----\n",
      "type": "string",
      "sensitive": true
    }
  },
  "resources": [
    {
      "mode": "data",
      "type": "azurerm_image",
      "name": "search",
      "provider": "provider[\"registry.terraform.io/hashicorp/azurerm\"]",
      "instances": [
        {
          "schema_version": 0,
          "attributes": {
            "data_disk": [],
            "id": "/subscriptions/a8bf0c63-8601-4cb8-b494-54f35188123b/resourceGroups/86_RDS_LnxTFPk/providers/Microsoft.Compute/images/86_RDS_LnxTFPk-azure-1672327211",
            "location": "eastus",
            "name": "86_RDS_LnxTFPk-azure-1672327211",
            "name_regex": null,
            "os_disk": [
              {
                "blob_uri": "",
                "caching": "ReadWrite",
                "managed_disk_id": "/subscriptions/a8bf0c63-8601-4cb8-b494-54f35188123b/resourceGroups/pkr-Resource-Group-c90ff6sd35/providers/Microsoft.Compute/disks/pkrosc90ff6sd35",
                "os_state": "Generalized",
                "os_type": "Linux",
                "size_gb": 30
              }
            ],
            "resource_group_name": "86_RDS_LnxTFPk",
            "sort_descending": false,
            "tags": {
              "Created-by": "Packer",
              "OS_Version": "Ubuntu 20.04",
              "Release": "Latest"
            },
            "timeouts": null,
            "zone_resilient": false
          },
          "sensitive_attributes": []
        }
      ]
    },
    {
      "mode": "managed",
      "type": "azurerm_linux_virtual_machine",
      "name": "my_terraform_vm",
      "provider": "provider[\"registry.terraform.io/hashicorp/azurerm\"]",
      "instances": [
        {
          "schema_version": 0,
          "attributes": {
            "additional_capabilities": [],
            "admin_password": "W3lcomeUn!x",
            "admin_ssh_key": [
              {
                "public_key": "ssh-rsa AAAAB3NzaC1yc2EAAAADAQABAAACAQC7TnjkHSvp5tto1d/EQJd7Cr1tNOA+WPeGRWuU2vE9S7RMfnjjwM9VX1RkhU2nf2Vy8U+KYr6A4DAuMZvdLn0sUDmkY79pZQPKINWPLbXopuvDMgBdRk1zAxf1kbo4lZpt5VlbIINhgz9RS5iApY0gxy+dKePWtKa6/4lO7YoKua9jOjGi8pZZnaAvRBnVcenRiPJwDr+WYWq4VGmUUr3yHmN79Wa1piMa2I0csP4wvdwa8Vy7PLtk6Nq4jTAwFbTiqyOpBXkJyPUh9+w4GgtfxfbU+qQJK2K958L9cCCY1t6TMFSgoKVQZ4Z0Q7lLCiuM+aUGGEsJTdRlxVvVqPXwzvOHg3iJblv62pPEliZYT+43nsPfhJwBZulOYJmdFROmSa2dgF6OoQrrxZXiMHZJ6FM73CDH7AjUNDMVJ8A1aa3IhzB+M/mjv74kK+ayjLGFF3dw2EJSXpGnzEwgI3keLafFM6blHcMtaK7by95yPG4WX2NnVPxmWS9I5oFw/Xy7e5dYf2CnCYPJVRHo+lCCpBKdbCI6ZsLj3qLh+FYaDGJTrcKu5/tnMbqX5uaEY/skp0XY7EBO+6Z2ycFCM+jcokhwVma7MOG7ukq2g/naruKEC4sy0wZw34daLfbtNvybwHoFrvx3j1tOVg0zN5sdd1dp8VAGsabkrTLoF8drlQ==\n",
                "username": "azureuser"
              }
            ],
            "admin_username": "azureuser",
            "allow_extension_operations": true,
            "availability_set_id": "",
            "boot_diagnostics": [
              {
                "storage_account_uri": "https://diagbb374d32a1a85fda.blob.core.windows.net/"
              }
            ],
            "capacity_reservation_group_id": "",
            "computer_name": "myvm",
            "custom_data": null,
            "dedicated_host_group_id": "",
            "dedicated_host_id": "",
            "disable_password_authentication": false,
            "edge_zone": "",
            "encryption_at_host_enabled": false,
            "eviction_policy": "",
            "extensions_time_budget": "PT1H30M",
            "gallery_application": [],
            "id": "/subscriptions/a8bf0c63-8601-4cb8-b494-54f35188123b/resourceGroups/rg-united-bird/providers/Microsoft.Compute/virtualMachines/myVM",
            "identity": [],
            "license_type": "",
            "location": "eastus",
            "max_bid_price": -1,
            "name": "myVM",
            "network_interface_ids": [
              "/subscriptions/a8bf0c63-8601-4cb8-b494-54f35188123b/resourceGroups/rg-united-bird/providers/Microsoft.Network/networkInterfaces/myNIC"
            ],
            "os_disk": [
              {
                "caching": "ReadWrite",
                "diff_disk_settings": [],
                "disk_encryption_set_id": "",
                "disk_size_gb": 30,
                "name": "myOsDisk",
                "secure_vm_disk_encryption_set_id": "",
                "security_encryption_type": "",
                "storage_account_type": "Premium_LRS",
                "write_accelerator_enabled": false
              }
            ],
            "patch_assessment_mode": "ImageDefault",
            "patch_mode": "ImageDefault",
            "plan": [],
            "platform_fault_domain": -1,
            "priority": "Regular",
            "private_ip_address": "10.0.1.4",
            "private_ip_addresses": [
              "10.0.1.4"
            ],
            "provision_vm_agent": true,
            "proximity_placement_group_id": "",
            "public_ip_address": "52.255.138.136",
            "public_ip_addresses": [
              "52.255.138.136"
            ],
            "resource_group_name": "rg-united-bird",
            "secret": [],
            "secure_boot_enabled": false,
            "size": "Standard_DS1_v2",
            "source_image_id": "/subscriptions/a8bf0c63-8601-4cb8-b494-54f35188123b/resourceGroups/86_RDS_LnxTFPk/providers/Microsoft.Compute/images/86_RDS_LnxTFPk-azure-1672327211",
            "source_image_reference": [],
            "tags": null,
            "termination_notification": null,
            "timeouts": null,
            "user_data": "",
            "virtual_machine_id": "188936e1-4f99-4f97-a125-12a66aca2d43",
            "virtual_machine_scale_set_id": "",
            "vtpm_enabled": false,
            "zone": ""
          },
          "sensitive_attributes": [],
          "private": "eyJlMmJmYjczMC1lY2FhLTExZTYtOGY4OC0zNDM2M2JjN2M0YzAiOnsiY3JlYXRlIjoyNzAwMDAwMDAwMDAwLCJkZWxldGUiOjI3MDAwMDAwMDAwMDAsInJlYWQiOjMwMDAwMDAwMDAwMCwidXBkYXRlIjoyNzAwMDAwMDAwMDAwfX0=",
          "dependencies": [
            "azurerm_network_interface.my_terraform_nic",
            "azurerm_public_ip.my_terraform_public_ip",
            "azurerm_resource_group.rg",
            "azurerm_storage_account.my_storage_account",
            "azurerm_subnet.my_terraform_subnet",
            "azurerm_virtual_network.my_terraform_network",
            "data.azurerm_image.search",
            "random_id.random_id",
            "random_pet.rg_name",
            "tls_private_key.example_ssh"
          ]
        }
      ]
    },
    {
      "mode": "managed",
      "type": "azurerm_network_interface",
      "name": "my_terraform_nic",
      "provider": "provider[\"registry.terraform.io/hashicorp/azurerm\"]",
      "instances": [
        {
          "schema_version": 0,
          "attributes": {
            "applied_dns_servers": [],
            "dns_servers": [],
            "edge_zone": "",
            "enable_accelerated_networking": false,
            "enable_ip_forwarding": false,
            "id": "/subscriptions/a8bf0c63-8601-4cb8-b494-54f35188123b/resourceGroups/rg-united-bird/providers/Microsoft.Network/networkInterfaces/myNIC",
            "internal_dns_name_label": "",
            "internal_domain_name_suffix": "j5mehpqqppuehhxy2jxjb5mvlh.bx.internal.cloudapp.net",
            "ip_configuration": [
              {
                "gateway_load_balancer_frontend_ip_configuration_id": "",
                "name": "my_nic_configuration",
                "primary": true,
                "private_ip_address": "10.0.1.4",
                "private_ip_address_allocation": "Dynamic",
                "private_ip_address_version": "IPv4",
                "public_ip_address_id": "/subscriptions/a8bf0c63-8601-4cb8-b494-54f35188123b/resourceGroups/rg-united-bird/providers/Microsoft.Network/publicIPAddresses/myPublicIP",
                "subnet_id": "/subscriptions/a8bf0c63-8601-4cb8-b494-54f35188123b/resourceGroups/rg-united-bird/providers/Microsoft.Network/virtualNetworks/myVnet/subnets/mySubnet"
              }
            ],
            "location": "eastus",
            "mac_address": "",
            "name": "myNIC",
            "private_ip_address": "10.0.1.4",
            "private_ip_addresses": [
              "10.0.1.4"
            ],
            "resource_group_name": "rg-united-bird",
            "tags": null,
            "timeouts": null,
            "virtual_machine_id": ""
          },
          "sensitive_attributes": [],
          "private": "eyJlMmJmYjczMC1lY2FhLTExZTYtOGY4OC0zNDM2M2JjN2M0YzAiOnsiY3JlYXRlIjoxODAwMDAwMDAwMDAwLCJkZWxldGUiOjE4MDAwMDAwMDAwMDAsInJlYWQiOjMwMDAwMDAwMDAwMCwidXBkYXRlIjoxODAwMDAwMDAwMDAwfX0=",
          "dependencies": [
            "azurerm_public_ip.my_terraform_public_ip",
            "azurerm_resource_group.rg",
            "azurerm_subnet.my_terraform_subnet",
            "azurerm_virtual_network.my_terraform_network",
            "random_pet.rg_name"
          ]
        }
      ]
    },
    {
      "mode": "managed",
      "type": "azurerm_network_interface_security_group_association",
      "name": "example",
      "provider": "provider[\"registry.terraform.io/hashicorp/azurerm\"]",
      "instances": [
        {
          "schema_version": 0,
          "attributes": {
            "id": "/subscriptions/a8bf0c63-8601-4cb8-b494-54f35188123b/resourceGroups/rg-united-bird/providers/Microsoft.Network/networkInterfaces/myNIC|/subscriptions/a8bf0c63-8601-4cb8-b494-54f35188123b/resourceGroups/rg-united-bird/providers/Microsoft.Network/networkSecurityGroups/myNetworkSecurityGroup",
            "network_interface_id": "/subscriptions/a8bf0c63-8601-4cb8-b494-54f35188123b/resourceGroups/rg-united-bird/providers/Microsoft.Network/networkInterfaces/myNIC",
            "network_security_group_id": "/subscriptions/a8bf0c63-8601-4cb8-b494-54f35188123b/resourceGroups/rg-united-bird/providers/Microsoft.Network/networkSecurityGroups/myNetworkSecurityGroup",
            "timeouts": null
          },
          "sensitive_attributes": [],
          "private": "eyJlMmJmYjczMC1lY2FhLTExZTYtOGY4OC0zNDM2M2JjN2M0YzAiOnsiY3JlYXRlIjoxODAwMDAwMDAwMDAwLCJkZWxldGUiOjE4MDAwMDAwMDAwMDAsInJlYWQiOjMwMDAwMDAwMDAwMCwidXBkYXRlIjoxODAwMDAwMDAwMDAwfX0=",
          "dependencies": [
            "azurerm_network_interface.my_terraform_nic",
            "azurerm_network_security_group.my_terraform_nsg",
            "azurerm_public_ip.my_terraform_public_ip",
            "azurerm_resource_group.rg",
            "azurerm_subnet.my_terraform_subnet",
            "azurerm_virtual_network.my_terraform_network",
            "random_pet.rg_name"
          ]
        }
      ]
    },
    {
      "mode": "managed",
      "type": "azurerm_network_security_group",
      "name": "my_terraform_nsg",
      "provider": "provider[\"registry.terraform.io/hashicorp/azurerm\"]",
      "instances": [
        {
          "schema_version": 0,
          "attributes": {
            "id": "/subscriptions/a8bf0c63-8601-4cb8-b494-54f35188123b/resourceGroups/rg-united-bird/providers/Microsoft.Network/networkSecurityGroups/myNetworkSecurityGroup",
            "location": "eastus",
            "name": "myNetworkSecurityGroup",
            "resource_group_name": "rg-united-bird",
            "security_rule": [
              {
                "access": "Allow",
                "description": "",
                "destination_address_prefix": "*",
                "destination_address_prefixes": [],
                "destination_application_security_group_ids": [],
                "destination_port_range": "22",
                "destination_port_ranges": [],
                "direction": "Inbound",
                "name": "SSH",
                "priority": 1001,
                "protocol": "Tcp",
                "source_address_prefix": "*",
                "source_address_prefixes": [],
                "source_application_security_group_ids": [],
                "source_port_range": "*",
                "source_port_ranges": []
              },
              {
                "access": "Allow",
                "description": "",
                "destination_address_prefix": "*",
                "destination_address_prefixes": [],
                "destination_application_security_group_ids": [],
                "destination_port_range": "80",
                "destination_port_ranges": [],
                "direction": "Inbound",
                "name": "HTTP",
                "priority": 1010,
                "protocol": "Tcp",
                "source_address_prefix": "*",
                "source_address_prefixes": [],
                "source_application_security_group_ids": [],
                "source_port_range": "*",
                "source_port_ranges": []
              }
            ],
            "tags": null,
            "timeouts": null
          },
          "sensitive_attributes": [],
          "private": "eyJlMmJmYjczMC1lY2FhLTExZTYtOGY4OC0zNDM2M2JjN2M0YzAiOnsiY3JlYXRlIjoxODAwMDAwMDAwMDAwLCJkZWxldGUiOjE4MDAwMDAwMDAwMDAsInJlYWQiOjMwMDAwMDAwMDAwMCwidXBkYXRlIjoxODAwMDAwMDAwMDAwfX0=",
          "dependencies": [
            "azurerm_resource_group.rg",
            "random_pet.rg_name"
          ]
        }
      ]
    },
    {
      "mode": "managed",
      "type": "azurerm_public_ip",
      "name": "my_terraform_public_ip",
      "provider": "provider[\"registry.terraform.io/hashicorp/azurerm\"]",
      "instances": [
        {
          "schema_version": 0,
          "attributes": {
            "allocation_method": "Dynamic",
            "ddos_protection_mode": "VirtualNetworkInherited",
            "ddos_protection_plan_id": null,
            "domain_name_label": null,
            "edge_zone": "",
            "fqdn": null,
            "id": "/subscriptions/a8bf0c63-8601-4cb8-b494-54f35188123b/resourceGroups/rg-united-bird/providers/Microsoft.Network/publicIPAddresses/myPublicIP",
            "idle_timeout_in_minutes": 4,
            "ip_address": "",
            "ip_tags": null,
            "ip_version": "IPv4",
            "location": "eastus",
            "name": "myPublicIP",
            "public_ip_prefix_id": null,
            "resource_group_name": "rg-united-bird",
            "reverse_fqdn": null,
            "sku": "Basic",
            "sku_tier": "Regional",
            "tags": null,
            "timeouts": null,
            "zones": null
          },
          "sensitive_attributes": [],
          "private": "eyJlMmJmYjczMC1lY2FhLTExZTYtOGY4OC0zNDM2M2JjN2M0YzAiOnsiY3JlYXRlIjoxODAwMDAwMDAwMDAwLCJkZWxldGUiOjE4MDAwMDAwMDAwMDAsInJlYWQiOjMwMDAwMDAwMDAwMCwidXBkYXRlIjoxODAwMDAwMDAwMDAwfX0=",
          "dependencies": [
            "azurerm_resource_group.rg",
            "random_pet.rg_name"
          ]
        }
      ]
    },
    {
      "mode": "managed",
      "type": "azurerm_resource_group",
      "name": "rg",
      "provider": "provider[\"registry.terraform.io/hashicorp/azurerm\"]",
      "instances": [
        {
          "schema_version": 0,
          "attributes": {
            "id": "/subscriptions/a8bf0c63-8601-4cb8-b494-54f35188123b/resourceGroups/rg-united-bird",
            "location": "eastus",
            "name": "rg-united-bird",
            "tags": null,
            "timeouts": null
          },
          "sensitive_attributes": [],
          "private": "eyJlMmJmYjczMC1lY2FhLTExZTYtOGY4OC0zNDM2M2JjN2M0YzAiOnsiY3JlYXRlIjo1NDAwMDAwMDAwMDAwLCJkZWxldGUiOjU0MDAwMDAwMDAwMDAsInJlYWQiOjMwMDAwMDAwMDAwMCwidXBkYXRlIjo1NDAwMDAwMDAwMDAwfX0=",
          "dependencies": [
            "random_pet.rg_name"
          ]
        }
      ]
    },
    {
      "mode": "managed",
      "type": "azurerm_storage_account",
      "name": "my_storage_account",
      "provider": "provider[\"registry.terraform.io/hashicorp/azurerm\"]",
      "instances": [
        {
          "schema_version": 3,
          "attributes": {
            "access_tier": "Hot",
            "account_kind": "StorageV2",
            "account_replication_type": "LRS",
            "account_tier": "Standard",
            "allow_nested_items_to_be_public": true,
            "azure_files_authentication": [],
            "blob_properties": [
              {
                "change_feed_enabled": false,
                "change_feed_retention_in_days": 0,
                "container_delete_retention_policy": [],
                "cors_rule": [],
                "default_service_version": "",
                "delete_retention_policy": [],
                "last_access_time_enabled": false,
                "restore_policy": [],
                "versioning_enabled": false
              }
            ],
            "cross_tenant_replication_enabled": true,
            "custom_domain": [],
            "customer_managed_key": [],
            "default_to_oauth_authentication": false,
            "edge_zone": "",
            "enable_https_traffic_only": true,
            "id": "/subscriptions/a8bf0c63-8601-4cb8-b494-54f35188123b/resourceGroups/rg-united-bird/providers/Microsoft.Storage/storageAccounts/diagbb374d32a1a85fda",
            "identity": [],
            "immutability_policy": [],
            "infrastructure_encryption_enabled": false,
            "is_hns_enabled": false,
            "large_file_share_enabled": null,
            "location": "eastus",
            "min_tls_version": "TLS1_2",
            "name": "diagbb374d32a1a85fda",
            "network_rules": [
              {
                "bypass": [
                  "AzureServices"
                ],
                "default_action": "Allow",
                "ip_rules": [],
                "private_link_access": [],
                "virtual_network_subnet_ids": []
              }
            ],
            "nfsv3_enabled": false,
            "primary_access_key": "nPoOpEFuGLxx0L8bwmbGiN8lGstZp9QMuqjto6roSevfbw/VWH38zO3X2i6z+hEj+zUTPteDIGsA+ASthcL9Zg==",
            "primary_blob_connection_string": "DefaultEndpointsProtocol=https;BlobEndpoint=https://diagbb374d32a1a85fda.blob.core.windows.net/;AccountName=diagbb374d32a1a85fda;AccountKey=nPoOpEFuGLxx0L8bwmbGiN8lGstZp9QMuqjto6roSevfbw/VWH38zO3X2i6z+hEj+zUTPteDIGsA+ASthcL9Zg==",
            "primary_blob_endpoint": "https://diagbb374d32a1a85fda.blob.core.windows.net/",
            "primary_blob_host": "diagbb374d32a1a85fda.blob.core.windows.net",
            "primary_connection_string": "DefaultEndpointsProtocol=https;AccountName=diagbb374d32a1a85fda;AccountKey=nPoOpEFuGLxx0L8bwmbGiN8lGstZp9QMuqjto6roSevfbw/VWH38zO3X2i6z+hEj+zUTPteDIGsA+ASthcL9Zg==;EndpointSuffix=core.windows.net",
            "primary_dfs_endpoint": "https://diagbb374d32a1a85fda.dfs.core.windows.net/",
            "primary_dfs_host": "diagbb374d32a1a85fda.dfs.core.windows.net",
            "primary_file_endpoint": "https://diagbb374d32a1a85fda.file.core.windows.net/",
            "primary_file_host": "diagbb374d32a1a85fda.file.core.windows.net",
            "primary_location": "eastus",
            "primary_queue_endpoint": "https://diagbb374d32a1a85fda.queue.core.windows.net/",
            "primary_queue_host": "diagbb374d32a1a85fda.queue.core.windows.net",
            "primary_table_endpoint": "https://diagbb374d32a1a85fda.table.core.windows.net/",
            "primary_table_host": "diagbb374d32a1a85fda.table.core.windows.net",
            "primary_web_endpoint": "https://diagbb374d32a1a85fda.z13.web.core.windows.net/",
            "primary_web_host": "diagbb374d32a1a85fda.z13.web.core.windows.net",
            "public_network_access_enabled": true,
            "queue_encryption_key_type": "Service",
            "queue_properties": [
              {
                "cors_rule": [],
                "hour_metrics": [
                  {
                    "enabled": true,
                    "include_apis": true,
                    "retention_policy_days": 7,
                    "version": "1.0"
                  }
                ],
                "logging": [
                  {
                    "delete": false,
                    "read": false,
                    "retention_policy_days": 0,
                    "version": "1.0",
                    "write": false
                  }
                ],
                "minute_metrics": [
                  {
                    "enabled": false,
                    "include_apis": false,
                    "retention_policy_days": 0,
                    "version": "1.0"
                  }
                ]
              }
            ],
            "resource_group_name": "rg-united-bird",
            "routing": [],
            "sas_policy": [],
            "secondary_access_key": "eZq4Szhkfyjuwmc79dufbH8YN24zRotUO90FdwmMwjVkw51SPCHXEEYewYgizAROVsK24EIkB5Y1+AStd8vmcA==",
            "secondary_blob_connection_string": "",
            "secondary_blob_endpoint": null,
            "secondary_blob_host": null,
            "secondary_connection_string": "DefaultEndpointsProtocol=https;AccountName=diagbb374d32a1a85fda;AccountKey=eZq4Szhkfyjuwmc79dufbH8YN24zRotUO90FdwmMwjVkw51SPCHXEEYewYgizAROVsK24EIkB5Y1+AStd8vmcA==;EndpointSuffix=core.windows.net",
            "secondary_dfs_endpoint": null,
            "secondary_dfs_host": null,
            "secondary_file_endpoint": null,
            "secondary_file_host": null,
            "secondary_location": "",
            "secondary_queue_endpoint": null,
            "secondary_queue_host": null,
            "secondary_table_endpoint": null,
            "secondary_table_host": null,
            "secondary_web_endpoint": null,
            "secondary_web_host": null,
            "sftp_enabled": false,
            "share_properties": [
              {
                "cors_rule": [],
                "retention_policy": [
                  {
                    "days": 7
                  }
                ],
                "smb": []
              }
            ],
            "shared_access_key_enabled": true,
            "static_website": [],
            "table_encryption_key_type": "Service",
            "tags": null,
            "timeouts": null
          },
          "sensitive_attributes": [],
          "private": "eyJlMmJmYjczMC1lY2FhLTExZTYtOGY4OC0zNDM2M2JjN2M0YzAiOnsiY3JlYXRlIjozNjAwMDAwMDAwMDAwLCJkZWxldGUiOjM2MDAwMDAwMDAwMDAsInJlYWQiOjMwMDAwMDAwMDAwMCwidXBkYXRlIjozNjAwMDAwMDAwMDAwfSwic2NoZW1hX3ZlcnNpb24iOiIzIn0=",
          "dependencies": [
            "azurerm_resource_group.rg",
            "random_id.random_id",
            "random_pet.rg_name"
          ]
        }
      ]
    },
    {
      "mode": "managed",
      "type": "azurerm_subnet",
      "name": "my_terraform_subnet",
      "provider": "provider[\"registry.terraform.io/hashicorp/azurerm\"]",
      "instances": [
        {
          "schema_version": 0,
          "attributes": {
            "address_prefixes": [
              "10.0.1.0/24"
            ],
            "delegation": [],
            "enforce_private_link_endpoint_network_policies": false,
            "enforce_private_link_service_network_policies": false,
            "id": "/subscriptions/a8bf0c63-8601-4cb8-b494-54f35188123b/resourceGroups/rg-united-bird/providers/Microsoft.Network/virtualNetworks/myVnet/subnets/mySubnet",
            "name": "mySubnet",
            "private_endpoint_network_policies_enabled": true,
            "private_link_service_network_policies_enabled": true,
            "resource_group_name": "rg-united-bird",
            "service_endpoint_policy_ids": null,
            "service_endpoints": null,
            "timeouts": null,
            "virtual_network_name": "myVnet"
          },
          "sensitive_attributes": [],
          "private": "eyJlMmJmYjczMC1lY2FhLTExZTYtOGY4OC0zNDM2M2JjN2M0YzAiOnsiY3JlYXRlIjoxODAwMDAwMDAwMDAwLCJkZWxldGUiOjE4MDAwMDAwMDAwMDAsInJlYWQiOjMwMDAwMDAwMDAwMCwidXBkYXRlIjoxODAwMDAwMDAwMDAwfX0=",
          "dependencies": [
            "azurerm_resource_group.rg",
            "azurerm_virtual_network.my_terraform_network",
            "random_pet.rg_name"
          ]
        }
      ]
    },
    {
      "mode": "managed",
      "type": "azurerm_virtual_network",
      "name": "my_terraform_network",
      "provider": "provider[\"registry.terraform.io/hashicorp/azurerm\"]",
      "instances": [
        {
          "schema_version": 0,
          "attributes": {
            "address_space": [
              "10.0.0.0/16"
            ],
            "bgp_community": "",
            "ddos_protection_plan": [],
            "dns_servers": [],
            "edge_zone": "",
            "flow_timeout_in_minutes": 0,
            "guid": "be43d84f-7b10-43e8-9ef8-e26e90fd955f",
            "id": "/subscriptions/a8bf0c63-8601-4cb8-b494-54f35188123b/resourceGroups/rg-united-bird/providers/Microsoft.Network/virtualNetworks/myVnet",
            "location": "eastus",
            "name": "myVnet",
            "resource_group_name": "rg-united-bird",
            "subnet": [],
            "tags": null,
            "timeouts": null
          },
          "sensitive_attributes": [],
          "private": "eyJlMmJmYjczMC1lY2FhLTExZTYtOGY4OC0zNDM2M2JjN2M0YzAiOnsiY3JlYXRlIjoxODAwMDAwMDAwMDAwLCJkZWxldGUiOjE4MDAwMDAwMDAwMDAsInJlYWQiOjMwMDAwMDAwMDAwMCwidXBkYXRlIjoxODAwMDAwMDAwMDAwfX0=",
          "dependencies": [
            "azurerm_resource_group.rg",
            "random_pet.rg_name"
          ]
        }
      ]
    },
    {
      "mode": "managed",
      "type": "random_id",
      "name": "random_id",
      "provider": "provider[\"registry.terraform.io/hashicorp/random\"]",
      "instances": [
        {
          "schema_version": 0,
          "attributes": {
            "b64_std": "uzdNMqGoX9o=",
            "b64_url": "uzdNMqGoX9o",
            "byte_length": 8,
            "dec": "13490336088667480026",
            "hex": "bb374d32a1a85fda",
            "id": "uzdNMqGoX9o",
            "keepers": {
              "resource_group": "rg-united-bird"
            },
            "prefix": null
          },
          "sensitive_attributes": [],
          "dependencies": [
            "azurerm_resource_group.rg",
            "random_pet.rg_name"
          ]
        }
      ]
    },
    {
      "mode": "managed",
      "type": "random_pet",
      "name": "rg_name",
      "provider": "provider[\"registry.terraform.io/hashicorp/random\"]",
      "instances": [
        {
          "schema_version": 0,
          "attributes": {
            "id": "rg-united-bird",
            "keepers": null,
            "length": 2,
            "prefix": "rg",
            "separator": "-"
          },
          "sensitive_attributes": []
        }
      ]
    },
    {
      "mode": "managed",
      "type": "tls_private_key",
      "name": "example_ssh",
      "provider": "provider[\"registry.terraform.io/hashicorp/tls\"]",
      "instances": [
        {
          "schema_version": 1,
          "attributes": {
            "algorithm": "RSA",
            "ecdsa_curve": "P224",
            "id": "64e2a47b05a9cc4825e284627d9964c0e0e1d77a",
            "private_key_openssh": "-----BEGIN OPENSSH PRIVATE KEY-----\nb3BlbnNzaC1rZXktdjEAAAAABG5vbmUAAAAEbm9uZQAAAAAAAAABAAACFwAAAAdz\nc2gtcnNhAAAAAwEAAQAAAgEAu0545B0r6ebbaNXfxECXewq9bTTgPlj3hkVrlNrx\nPUu0TH5448DPVV9UZIVNp39lcvFPimK+gOAwLjGb3S59LFA5pGO/aWUDyiDVjy21\n6KbrwzIAXUZNcwMX9ZG6OJWabeVZWyCDYYM/UUuYgKWNIMcvnSnj1rSmuv+JTu2K\nCrmvYzoxovKWWZ2gL0QZ1XHp0YjycA6/lmFquFRplFK98h5je/VmtaYjGtiNHLD+\nML3cGvFcuzy7ZOjauI0wMBW04qsjqQV5Ccj1IffsOBoLX8X21PqkCStivefC/XAg\nmNbekzBUoKClUGeGdEO5SworjPmlBhhLCU3UZcVb1aj18M7zh4N4iW5b+tqTxJYm\nWE/uN57D34ScAWbpTmCZnRUTpkmtnYBejqEK68WV4jB2SehTO9wgx+wI1DQzFSfA\nNWmtyIcwfjP5o7++JCvmsoyxhRd3cNhCUl6Rp8xMICN5Hi2nxTOm5R3DLWiu28ve\ncjxuFl9jZ1T8ZlkvSOaBcP18u3uXWH9gpwmDyVUR6PpQgqQSnWwiOmbC496i4fhW\nGgxiU63Cruf7ZzG6l+bmhGP7JKdF2OxATvumdsnBQjPo3KJIcFZmuzDhu7pKtoP5\n2q7ihAuLMtMGcN+HWi327Tb8m8B6Ba78d49bTlYNMzebHXdXafFQBrGm5K0y6BfH\na5UAAAc40Y5z9NGOc/QAAAAHc3NoLXJzYQAAAgEAu0545B0r6ebbaNXfxECXewq9\nbTTgPlj3hkVrlNrxPUu0TH5448DPVV9UZIVNp39lcvFPimK+gOAwLjGb3S59LFA5\npGO/aWUDyiDVjy216KbrwzIAXUZNcwMX9ZG6OJWabeVZWyCDYYM/UUuYgKWNIMcv\nnSnj1rSmuv+JTu2KCrmvYzoxovKWWZ2gL0QZ1XHp0YjycA6/lmFquFRplFK98h5j\ne/VmtaYjGtiNHLD+ML3cGvFcuzy7ZOjauI0wMBW04qsjqQV5Ccj1IffsOBoLX8X2\n1PqkCStivefC/XAgmNbekzBUoKClUGeGdEO5SworjPmlBhhLCU3UZcVb1aj18M7z\nh4N4iW5b+tqTxJYmWE/uN57D34ScAWbpTmCZnRUTpkmtnYBejqEK68WV4jB2SehT\nO9wgx+wI1DQzFSfANWmtyIcwfjP5o7++JCvmsoyxhRd3cNhCUl6Rp8xMICN5Hi2n\nxTOm5R3DLWiu28vecjxuFl9jZ1T8ZlkvSOaBcP18u3uXWH9gpwmDyVUR6PpQgqQS\nnWwiOmbC496i4fhWGgxiU63Cruf7ZzG6l+bmhGP7JKdF2OxATvumdsnBQjPo3KJI\ncFZmuzDhu7pKtoP52q7ihAuLMtMGcN+HWi327Tb8m8B6Ba78d49bTlYNMzebHXdX\nafFQBrGm5K0y6BfHa5UAAAADAQABAAACAEntuCN5LBr/BnzDZbWlNOTYoVmYNCYH\noXL6tXKkU/E4jypeBMMIGA1/OeUPBE5nJxiODDH3tW9SjVG+POG49qjl5UpwIF2u\nBCfke8YuaY0xTP7XHnOySuFpSCyh3xl0WuajTnh8Rb7YOcaRitjD/wb/91gV75qP\n5PsL3xsrAIApOAN3NZ42F4e5gj8FpxirBHmyjtYRzCbDvoaQsrdbTSNiQSvs+SQb\nNeHjtRas+TctyNFNkKdKWkCC88lB2NIxzxpkKAgPY+2rxq0omLCv/utHTJxVbSc9\nW5TPBBRaDFOnA2Se/9gCcB1jLxt2m4z1r6jN5Aea0QsUEBA3LH8RWDiMzE7n5nK+\n+/PLHREvsqxjFo+DYWjZU1PXEh/Z+nmrrGm6ouTbVnCn/XgSPaLeGkcKzWpUPCnR\nw80mtjXVmN7A9envrrB8Z+brGDPRodSjOXZdh6u1D85E7VUNGlKoidA1HXih01OD\nkkRUP/nBB0zd9TUBJMzjMV3aizUyRaSbbLSY/Q8XfV02DlC4MupgBV8Nxs6xaMdn\nzA6VQC/9FkJvWR0pnK8ue9SMrUTXDdboytUDCG7HyJxSxf8v1Ts6tNyxJXpNMM0B\n3McFB8h9o8XQvYqNz7DFRM8RVdxXA42P3b85l92GO4waZy34FPVUJKcJbqZJShX0\nfPS94zbPMc4BAAABAQCwm0sST84uhYrK7RiZaQ57JISNiqClf1tKEzgafsTp1NFT\n4CC/sXptW2/d60pMUhpgC+ofqpspd9Cz79pLeyZ7cYxss4tDoZgxX3ZA4ZV1ANsP\nHVpeFkPkZxDTBy/xi2zCcHM9Ap95ePfllQKcr/OIdhKroeIbgscri40nTmo/eTDh\nDjHPLDTFez24UT2DrPBameO3YldoLMMHRGAAXdmAjOqEi3nAmfyc9I6LBxGnhr9L\n8I8AqVOwqsiAeA49jbr1oPm2Qx80qdSy2Wqzmc6NOsWFtXq9R6XIBQMIUDIXJwLK\nNpb7YnK15v/GgIsQ2tKKi1/hKJmhi6Z/oV676UeTAAABAQDDcv/DLVAxX3hDlOn9\nBZ7lgpsPv3LRMdCqtePqTiOGUUpr3Za9oRP4BpUV5E2HVmYb+paNvxzH6d0G51ff\nwgRHRJAIs40L66vsC7pLrRp3p9ekbSLMfgVCLKgKcA95Us99ljOT9LJBpzosE+KL\nb3KlfiO6NmBlCSQQiF28YwMBpIm5bp80DvUhqKd7c/wlNts19qEPzMB9DphoGpvB\nLCOkJbDkfvuhpJUGA5sS2dCyBKtMt08/ZFCHpqNzBNcCYSMTD0zs6NVRT6sNlWYg\n5G2MFY55mOimHVgxEgkYLhDSffeyufo7FTFoOXgx6n1jM3caJ7riq5w37i/TbAZa\nrDkVAAABAQD1Va4ecDsseLyYHYBSckhll1v5DVlnnRZ+rsy++TnmbI9HnOeX7Hqg\nU4q8gMTKkHljI5Pw15kXD5tHvxIwBp7aDxd7gMAoFJX3tcoLZfBZ2+izk6jwzYqh\nxwHPvblTslRb/R/loIyibtOmp/9tX9PiA3bzqMav/qZPukT2kXD40CDWhSiv2yJt\ni98DE/93++I+xj7ONiKMX4Fbmv8iVChAUVW7igTaLVffCU3M8mgT2DEbzAIvqUWb\nb1ArKAaabNxs/RIBxcQyqoLnuYZeqsi0rPXGQiaoAsZ1JY/ScCZ+2MUYf0dvqDBK\nluvuaBzBVX9UjKq2jqaGARlfs1ax3giBAAAAAAEC\n-----END OPENSSH PRIVATE KEY-----\n",
            "private_key_pem": "-----BEGIN RSA PRIVATE KEY-----\nMIIJKgIBAAKCAgEAu0545B0r6ebbaNXfxECXewq9bTTgPlj3hkVrlNrxPUu0TH54\n48DPVV9UZIVNp39lcvFPimK+gOAwLjGb3S59LFA5pGO/aWUDyiDVjy216KbrwzIA\nXUZNcwMX9ZG6OJWabeVZWyCDYYM/UUuYgKWNIMcvnSnj1rSmuv+JTu2KCrmvYzox\novKWWZ2gL0QZ1XHp0YjycA6/lmFquFRplFK98h5je/VmtaYjGtiNHLD+ML3cGvFc\nuzy7ZOjauI0wMBW04qsjqQV5Ccj1IffsOBoLX8X21PqkCStivefC/XAgmNbekzBU\noKClUGeGdEO5SworjPmlBhhLCU3UZcVb1aj18M7zh4N4iW5b+tqTxJYmWE/uN57D\n34ScAWbpTmCZnRUTpkmtnYBejqEK68WV4jB2SehTO9wgx+wI1DQzFSfANWmtyIcw\nfjP5o7++JCvmsoyxhRd3cNhCUl6Rp8xMICN5Hi2nxTOm5R3DLWiu28vecjxuFl9j\nZ1T8ZlkvSOaBcP18u3uXWH9gpwmDyVUR6PpQgqQSnWwiOmbC496i4fhWGgxiU63C\nruf7ZzG6l+bmhGP7JKdF2OxATvumdsnBQjPo3KJIcFZmuzDhu7pKtoP52q7ihAuL\nMtMGcN+HWi327Tb8m8B6Ba78d49bTlYNMzebHXdXafFQBrGm5K0y6BfHa5UCAwEA\nAQKCAgBJ7bgjeSwa/wZ8w2W1pTTk2KFZmDQmB6Fy+rVypFPxOI8qXgTDCBgNfznl\nDwROZycYjgwx97VvUo1RvjzhuPao5eVKcCBdrgQn5HvGLmmNMUz+1x5zskrhaUgs\nod8ZdFrmo054fEW+2DnGkYrYw/8G//dYFe+aj+T7C98bKwCAKTgDdzWeNheHuYI/\nBacYqwR5so7WEcwmw76GkLK3W00jYkEr7PkkGzXh47UWrPk3LcjRTZCnSlpAgvPJ\nQdjSMc8aZCgID2Ptq8atKJiwr/7rR0ycVW0nPVuUzwQUWgxTpwNknv/YAnAdYy8b\ndpuM9a+ozeQHmtELFBAQNyx/EVg4jMxO5+Zyvvvzyx0RL7KsYxaPg2Fo2VNT1xIf\n2fp5q6xpuqLk21Zwp/14Ej2i3hpHCs1qVDwp0cPNJrY11ZjewPXp766wfGfm6xgz\n0aHUozl2XYertQ/ORO1VDRpSqInQNR14odNTg5JEVD/5wQdM3fU1ASTM4zFd2os1\nMkWkm2y0mP0PF31dNg5QuDLqYAVfDcbOsWjHZ8wOlUAv/RZCb1kdKZyvLnvUjK1E\n1w3W6MrVAwhux8icUsX/L9U7OrTcsSV6TTDNAdzHBQfIfaPF0L2Kjc+wxUTPEVXc\nVwONj92/OZfdhjuMGmct+BT1VCSnCW6mSUoV9Hz0veM2zzHOAQKCAQEAw3L/wy1Q\nMV94Q5Tp/QWe5YKbD79y0THQqrXj6k4jhlFKa92WvaET+AaVFeRNh1ZmG/qWjb8c\nx+ndBudX38IER0SQCLONC+ur7Au6S60ad6fXpG0izH4FQiyoCnAPeVLPfZYzk/Sy\nQac6LBPii29ypX4jujZgZQkkEIhdvGMDAaSJuW6fNA71Iaine3P8JTbbNfahD8zA\nfQ6YaBqbwSwjpCWw5H77oaSVBgObEtnQsgSrTLdPP2RQh6ajcwTXAmEjEw9M7OjV\nUU+rDZVmIORtjBWOeZjoph1YMRIJGC4Q0n33srn6OxUxaDl4Mep9YzN3Gie64quc\nN+4v02wGWqw5FQKCAQEA9VWuHnA7LHi8mB2AUnJIZZdb+Q1ZZ50Wfq7Mvvk55myP\nR5znl+x6oFOKvIDEypB5YyOT8NeZFw+bR78SMAae2g8Xe4DAKBSV97XKC2XwWdvo\ns5Oo8M2KoccBz725U7JUW/0f5aCMom7Tpqf/bV/T4gN286jGr/6mT7pE9pFw+NAg\n1oUor9sibYvfAxP/d/viPsY+zjYijF+BW5r/IlQoQFFVu4oE2i1X3wlNzPJoE9gx\nG8wCL6lFm29QKygGmmzcbP0SAcXEMqqC57mGXqrItKz1xkImqALGdSWP0nAmftjF\nGH9Hb6gwSpbr7mgcwVV/VIyqto6mhgEZX7NWsd4IgQKCAQEAsLMdS+WBpMF9Rwww\nZ1JXj4N+kMQzF7IDxvJetYwjTeHceJyDFbm1Bf1dd8dJ2FtiQVVSG6B2cr6Z1w38\nQg10NMJlvZgmompUqjkIGjbLwPX7XWpVla8xLdyVp6ocM0GM2SucQd1t8zEuxH7N\nx+XgLoJV5poWmAGlm1TN+e1B4JBS+1RplnUXZXDGyjPX+AUaNjVc853XQLibTTMR\nMZmoN1TkEhBDiqXzHNbRsj8+EFNsUxU/Dj6xF5KuHuR3Rm1vemHQ2Da/9J0kNkml\nZYNfDtDGWGTHoLbS7roxgqzTBJpiADFna1cDrgiXA/nNlowG15yntxoTR/WNQ4Vc\nUUl26QKCAQEA7W2zKfARxHNAibKbWq8RU4hNUVVS/gywFYAT1IqcN10+uN6n34bU\nEk9niBDS4vs5DvICneX5WbEX5TKMZoAxwfUzE6pBzUhG7sk3NRq9pilGJmyz5f/1\nt6VCIouJTO/b5n6tHOzozdaV7MbPU0mXZDdYKm1fhDndOHGbhkixXYsHDLUn8DES\nO5RPCsqSxcq2ZWw0ohsQCmvvY/k4C0AJCF3uq6XiFkglr0twyPScNwBWXoFsaDXY\nkJoEqw98fHz4Ql4UzDRaMXKFZ79LxFhiD0EIRowEnzq4V+03KECzcLVW4eNj/jJ2\nMemngT2u/ohAx1GvcSfTDwMHTG/iahbogQKCAQEAsJtLEk/OLoWKyu0YmWkOeySE\njYqgpX9bShM4Gn7E6dTRU+Agv7F6bVtv3etKTFIaYAvqH6qbKXfQs+/aS3sme3GM\nbLOLQ6GYMV92QOGVdQDbDx1aXhZD5GcQ0wcv8YtswnBzPQKfeXj35ZUCnK/ziHYS\nq6HiG4LHK4uNJ05qP3kw4Q4xzyw0xXs9uFE9g6zwWpnjt2JXaCzDB0RgAF3ZgIzq\nhIt5wJn8nPSOiwcRp4a/S/CPAKlTsKrIgHgOPY269aD5tkMfNKnUstlqs5nOjTrF\nhbV6vUelyAUDCFAyFycCyjaW+2Jyteb/xoCLENrSiotf4SiZoYumf6Feu+lHkw==\n-----END RSA PRIVATE KEY-----\n",
            "private_key_pem_pkcs8": "-----BEGIN PRIVATE KEY-----\nMIIJRAIBADANBgkqhkiG9w0BAQEFAASCCS4wggkqAgEAAoICAQC7TnjkHSvp5tto\n1d/EQJd7Cr1tNOA+WPeGRWuU2vE9S7RMfnjjwM9VX1RkhU2nf2Vy8U+KYr6A4DAu\nMZvdLn0sUDmkY79pZQPKINWPLbXopuvDMgBdRk1zAxf1kbo4lZpt5VlbIINhgz9R\nS5iApY0gxy+dKePWtKa6/4lO7YoKua9jOjGi8pZZnaAvRBnVcenRiPJwDr+WYWq4\nVGmUUr3yHmN79Wa1piMa2I0csP4wvdwa8Vy7PLtk6Nq4jTAwFbTiqyOpBXkJyPUh\n9+w4GgtfxfbU+qQJK2K958L9cCCY1t6TMFSgoKVQZ4Z0Q7lLCiuM+aUGGEsJTdRl\nxVvVqPXwzvOHg3iJblv62pPEliZYT+43nsPfhJwBZulOYJmdFROmSa2dgF6OoQrr\nxZXiMHZJ6FM73CDH7AjUNDMVJ8A1aa3IhzB+M/mjv74kK+ayjLGFF3dw2EJSXpGn\nzEwgI3keLafFM6blHcMtaK7by95yPG4WX2NnVPxmWS9I5oFw/Xy7e5dYf2CnCYPJ\nVRHo+lCCpBKdbCI6ZsLj3qLh+FYaDGJTrcKu5/tnMbqX5uaEY/skp0XY7EBO+6Z2\nycFCM+jcokhwVma7MOG7ukq2g/naruKEC4sy0wZw34daLfbtNvybwHoFrvx3j1tO\nVg0zN5sdd1dp8VAGsabkrTLoF8drlQIDAQABAoICAEntuCN5LBr/BnzDZbWlNOTY\noVmYNCYHoXL6tXKkU/E4jypeBMMIGA1/OeUPBE5nJxiODDH3tW9SjVG+POG49qjl\n5UpwIF2uBCfke8YuaY0xTP7XHnOySuFpSCyh3xl0WuajTnh8Rb7YOcaRitjD/wb/\n91gV75qP5PsL3xsrAIApOAN3NZ42F4e5gj8FpxirBHmyjtYRzCbDvoaQsrdbTSNi\nQSvs+SQbNeHjtRas+TctyNFNkKdKWkCC88lB2NIxzxpkKAgPY+2rxq0omLCv/utH\nTJxVbSc9W5TPBBRaDFOnA2Se/9gCcB1jLxt2m4z1r6jN5Aea0QsUEBA3LH8RWDiM\nzE7n5nK++/PLHREvsqxjFo+DYWjZU1PXEh/Z+nmrrGm6ouTbVnCn/XgSPaLeGkcK\nzWpUPCnRw80mtjXVmN7A9envrrB8Z+brGDPRodSjOXZdh6u1D85E7VUNGlKoidA1\nHXih01ODkkRUP/nBB0zd9TUBJMzjMV3aizUyRaSbbLSY/Q8XfV02DlC4MupgBV8N\nxs6xaMdnzA6VQC/9FkJvWR0pnK8ue9SMrUTXDdboytUDCG7HyJxSxf8v1Ts6tNyx\nJXpNMM0B3McFB8h9o8XQvYqNz7DFRM8RVdxXA42P3b85l92GO4waZy34FPVUJKcJ\nbqZJShX0fPS94zbPMc4BAoIBAQDDcv/DLVAxX3hDlOn9BZ7lgpsPv3LRMdCqtePq\nTiOGUUpr3Za9oRP4BpUV5E2HVmYb+paNvxzH6d0G51ffwgRHRJAIs40L66vsC7pL\nrRp3p9ekbSLMfgVCLKgKcA95Us99ljOT9LJBpzosE+KLb3KlfiO6NmBlCSQQiF28\nYwMBpIm5bp80DvUhqKd7c/wlNts19qEPzMB9DphoGpvBLCOkJbDkfvuhpJUGA5sS\n2dCyBKtMt08/ZFCHpqNzBNcCYSMTD0zs6NVRT6sNlWYg5G2MFY55mOimHVgxEgkY\nLhDSffeyufo7FTFoOXgx6n1jM3caJ7riq5w37i/TbAZarDkVAoIBAQD1Va4ecDss\neLyYHYBSckhll1v5DVlnnRZ+rsy++TnmbI9HnOeX7HqgU4q8gMTKkHljI5Pw15kX\nD5tHvxIwBp7aDxd7gMAoFJX3tcoLZfBZ2+izk6jwzYqhxwHPvblTslRb/R/loIyi\nbtOmp/9tX9PiA3bzqMav/qZPukT2kXD40CDWhSiv2yJti98DE/93++I+xj7ONiKM\nX4Fbmv8iVChAUVW7igTaLVffCU3M8mgT2DEbzAIvqUWbb1ArKAaabNxs/RIBxcQy\nqoLnuYZeqsi0rPXGQiaoAsZ1JY/ScCZ+2MUYf0dvqDBKluvuaBzBVX9UjKq2jqaG\nARlfs1ax3giBAoIBAQCwsx1L5YGkwX1HDDBnUlePg36QxDMXsgPG8l61jCNN4dx4\nnIMVubUF/V13x0nYW2JBVVIboHZyvpnXDfxCDXQ0wmW9mCaialSqOQgaNsvA9ftd\nalWVrzEt3JWnqhwzQYzZK5xB3W3zMS7Efs3H5eAuglXmmhaYAaWbVM357UHgkFL7\nVGmWdRdlcMbKM9f4BRo2NVzznddAuJtNMxExmag3VOQSEEOKpfMc1tGyPz4QU2xT\nFT8OPrEXkq4e5HdGbW96YdDYNr/0nSQ2SaVlg18O0MZYZMegttLuujGCrNMEmmIA\nMWdrVwOuCJcD+c2WjAbXnKe3GhNH9Y1DhVxRSXbpAoIBAQDtbbMp8BHEc0CJspta\nrxFTiE1RVVL+DLAVgBPUipw3XT643qffhtQST2eIENLi+zkO8gKd5flZsRflMoxm\ngDHB9TMTqkHNSEbuyTc1Gr2mKUYmbLPl//W3pUIii4lM79vmfq0c7OjN1pXsxs9T\nSZdkN1gqbV+EOd04cZuGSLFdiwcMtSfwMRI7lE8KypLFyrZlbDSiGxAKa+9j+TgL\nQAkIXe6rpeIWSCWvS3DI9Jw3AFZegWxoNdiQmgSrD3x8fPhCXhTMNFoxcoVnv0vE\nWGIPQQhGjASfOrhX7TcoQLNwtVbh42P+MnYx6aeBPa7+iEDHUa9xJ9MPAwdMb+Jq\nFuiBAoIBAQCwm0sST84uhYrK7RiZaQ57JISNiqClf1tKEzgafsTp1NFT4CC/sXpt\nW2/d60pMUhpgC+ofqpspd9Cz79pLeyZ7cYxss4tDoZgxX3ZA4ZV1ANsPHVpeFkPk\nZxDTBy/xi2zCcHM9Ap95ePfllQKcr/OIdhKroeIbgscri40nTmo/eTDhDjHPLDTF\nez24UT2DrPBameO3YldoLMMHRGAAXdmAjOqEi3nAmfyc9I6LBxGnhr9L8I8AqVOw\nqsiAeA49jbr1oPm2Qx80qdSy2Wqzmc6NOsWFtXq9R6XIBQMIUDIXJwLKNpb7YnK1\n5v/GgIsQ2tKKi1/hKJmhi6Z/oV676UeT\n-----END PRIVATE KEY-----\n",
            "public_key_fingerprint_md5": "e3:a5:15:a6:b3:4f:30:49:7a:d0:e8:9a:66:d3:41:6d",
            "public_key_fingerprint_sha256": "SHA256:agBbE4N7nlO7ztyEIJa2HSdA+vhbsn171151YrsgX5s",
            "public_key_openssh": "ssh-rsa AAAAB3NzaC1yc2EAAAADAQABAAACAQC7TnjkHSvp5tto1d/EQJd7Cr1tNOA+WPeGRWuU2vE9S7RMfnjjwM9VX1RkhU2nf2Vy8U+KYr6A4DAuMZvdLn0sUDmkY79pZQPKINWPLbXopuvDMgBdRk1zAxf1kbo4lZpt5VlbIINhgz9RS5iApY0gxy+dKePWtKa6/4lO7YoKua9jOjGi8pZZnaAvRBnVcenRiPJwDr+WYWq4VGmUUr3yHmN79Wa1piMa2I0csP4wvdwa8Vy7PLtk6Nq4jTAwFbTiqyOpBXkJyPUh9+w4GgtfxfbU+qQJK2K958L9cCCY1t6TMFSgoKVQZ4Z0Q7lLCiuM+aUGGEsJTdRlxVvVqPXwzvOHg3iJblv62pPEliZYT+43nsPfhJwBZulOYJmdFROmSa2dgF6OoQrrxZXiMHZJ6FM73CDH7AjUNDMVJ8A1aa3IhzB+M/mjv74kK+ayjLGFF3dw2EJSXpGnzEwgI3keLafFM6blHcMtaK7by95yPG4WX2NnVPxmWS9I5oFw/Xy7e5dYf2CnCYPJVRHo+lCCpBKdbCI6ZsLj3qLh+FYaDGJTrcKu5/tnMbqX5uaEY/skp0XY7EBO+6Z2ycFCM+jcokhwVma7MOG7ukq2g/naruKEC4sy0wZw34daLfbtNvybwHoFrvx3j1tOVg0zN5sdd1dp8VAGsabkrTLoF8drlQ==\n",
            "public_key_pem": "-----BEGIN PUBLIC KEY-----\nMIICIjANBgkqhkiG9w0BAQEFAAOCAg8AMIICCgKCAgEAu0545B0r6ebbaNXfxECX\newq9bTTgPlj3hkVrlNrxPUu0TH5448DPVV9UZIVNp39lcvFPimK+gOAwLjGb3S59\nLFA5pGO/aWUDyiDVjy216KbrwzIAXUZNcwMX9ZG6OJWabeVZWyCDYYM/UUuYgKWN\nIMcvnSnj1rSmuv+JTu2KCrmvYzoxovKWWZ2gL0QZ1XHp0YjycA6/lmFquFRplFK9\n8h5je/VmtaYjGtiNHLD+ML3cGvFcuzy7ZOjauI0wMBW04qsjqQV5Ccj1IffsOBoL\nX8X21PqkCStivefC/XAgmNbekzBUoKClUGeGdEO5SworjPmlBhhLCU3UZcVb1aj1\n8M7zh4N4iW5b+tqTxJYmWE/uN57D34ScAWbpTmCZnRUTpkmtnYBejqEK68WV4jB2\nSehTO9wgx+wI1DQzFSfANWmtyIcwfjP5o7++JCvmsoyxhRd3cNhCUl6Rp8xMICN5\nHi2nxTOm5R3DLWiu28vecjxuFl9jZ1T8ZlkvSOaBcP18u3uXWH9gpwmDyVUR6PpQ\ngqQSnWwiOmbC496i4fhWGgxiU63Cruf7ZzG6l+bmhGP7JKdF2OxATvumdsnBQjPo\n3KJIcFZmuzDhu7pKtoP52q7ihAuLMtMGcN+HWi327Tb8m8B6Ba78d49bTlYNMzeb\nHXdXafFQBrGm5K0y6BfHa5UCAwEAAQ==\n-----END PUBLIC KEY-----\n",
            "rsa_bits": 4096
          },
          "sensitive_attributes": []
        }
      ]
    }
  ],
  "check_results": null
}
