{
  "version": 4,
  "terraform_version": "1.3.6",
  "serial": 5,
  "lineage": "9b64257a-afe6-85fa-5675-0129885f7522",
  "outputs": {
    "my_id": {
      "value": {
        "b64_std": "vYqv3DN16kY=",
        "b64_url": "vYqv3DN16kY",
        "byte_length": 8,
        "dec": "13657922180245482054",
        "hex": "bd8aafdc3375ea46",
        "id": "vYqv3DN16kY",
        "keepers": null,
        "prefix": null
      },
      "type": [
        "object",
        {
          "b64_std": "string",
          "b64_url": "string",
          "byte_length": "number",
          "dec": "string",
          "hex": "string",
          "id": "string",
          "keepers": [
            "map",
            "string"
          ],
          "prefix": "string"
        }
      ]
    },
    "my_name": {
      "value": "causal-porpoise",
      "type": "string"
    },
    "my_password": {
      "value": "s3GNwQqAJ1ON",
      "type": "string",
      "sensitive": true
    },
    "resource_code": {
      "value": "3hu5a",
      "type": "string"
    }
  },
  "resources": [
    {
      "mode": "managed",
      "type": "random_id",
      "name": "my_id",
      "provider": "provider[\"registry.terraform.io/hashicorp/random\"]",
      "instances": [
        {
          "schema_version": 0,
          "attributes": {
            "b64_std": "vYqv3DN16kY=",
            "b64_url": "vYqv3DN16kY",
            "byte_length": 8,
            "dec": "13657922180245482054",
            "hex": "bd8aafdc3375ea46",
            "id": "vYqv3DN16kY",
            "keepers": null,
            "prefix": null
          },
          "sensitive_attributes": []
        }
      ]
    },
    {
      "mode": "managed",
      "type": "random_password",
      "name": "my_password",
      "provider": "provider[\"registry.terraform.io/hashicorp/random\"]",
      "instances": [
        {
          "schema_version": 3,
          "attributes": {
            "bcrypt_hash": "$2a$10$WpBw/AMcKfPB/s/VzgRbcuEm1yw2EPR3/Kk5A7UIc2We8UryCqeWW",
            "id": "none",
            "keepers": null,
            "length": 12,
            "lower": true,
            "min_lower": 0,
            "min_numeric": 0,
            "min_special": 0,
            "min_upper": 0,
            "number": true,
            "numeric": true,
            "override_special": null,
            "result": "s3GNwQqAJ1ON",
            "special": false,
            "upper": true
          },
          "sensitive_attributes": []
        }
      ]
    },
    {
      "mode": "managed",
      "type": "random_pet",
      "name": "my_name",
      "provider": "provider[\"registry.terraform.io/hashicorp/random\"]",
      "instances": [
        {
          "schema_version": 0,
          "attributes": {
            "id": "causal-porpoise",
            "keepers": null,
            "length": 2,
            "prefix": null,
            "separator": "-"
          },
          "sensitive_attributes": []
        }
      ]
    },
    {
      "mode": "managed",
      "type": "random_string",
      "name": "resource_code",
      "provider": "provider[\"registry.terraform.io/hashicorp/random\"]",
      "instances": [
        {
          "schema_version": 2,
          "attributes": {
            "id": "3hu5a",
            "keepers": null,
            "length": 5,
            "lower": true,
            "min_lower": 0,
            "min_numeric": 0,
            "min_special": 0,
            "min_upper": 0,
            "number": true,
            "numeric": true,
            "override_special": null,
            "result": "3hu5a",
            "special": false,
            "upper": false
          },
          "sensitive_attributes": []
        }
      ]
    }
  ],
  "check_results": null
}
